
Microsoft Visual Studio Solution File, Format Version 10.00
# Visual C++ Express 2008
Project("{8BC9CEB8-8B4A-11D0-8D11-00A0C91BC942}") = "SDL Clear_Project", "SDL Clear_Project.vcproj", "{93488E8A-6422-40D8-A052-FDEFBFB7C19B}"
EndProject
Global
	GlobalSection(SolutionConfigurationPlatforms) = preSolution
		Debug|Win32 = Debug|Win32
		Release|Win32 = Release|Win32
	EndGlobalSection
	GlobalSection(ProjectConfigurationPlatforms) = postSolution
		{93488E8A-6422-40D8-A052-FDEFBFB7C19B}.Debug|Win32.ActiveCfg = Debug|Win32
		{93488E8A-6422-40D8-A052-FDEFBFB7C19B}.Debug|Win32.Build.0 = Debug|Win32
		{93488E8A-6422-40D8-A052-FDEFBFB7C19B}.Release|Win32.ActiveCfg = Release|Win32
		{93488E8A-6422-40D8-A052-FDEFBFB7C19B}.Release|Win32.Build.0 = Release|Win32
	EndGlobalSection
	GlobalSection(SolutionProperties) = preSolution
		HideSolutionNode = FALSE
	EndGlobalSection
EndGlobal
